
Microsoft Visual Studio Solution File, Format Version 12.00
# Visual Studio Version 17
VisualStudioVersion = 17.12.35707.178
MinimumVisualStudioVersion = 10.0.40219.1
Project("{FAE04EC0-301F-11D3-BF4B-00C04F79EFBC}") = "Final_Year_Project_backend", "Final_Year_Project_backend\Final_Year_Project_backend.csproj", "{15C7E33B-D886-4ADC-9A50-0C7BDB395C06}"
EndProject
Project("{FAE04EC0-301F-11D3-BF4B-00C04F79EFBC}") = "AM.ApplicationCore", "AM.ApplicationCore\AM.ApplicationCore.csproj", "{9284F86E-B23A-4C4C-AD9D-343DA30CA4C3}"
EndProject
Project("{FAE04EC0-301F-11D3-BF4B-00C04F79EFBC}") = "AM.Infrastructure", "AM.Infrastructure\AM.Infrastructure.csproj", "{4020F215-1477-4FC9-94CC-F9AADE2447DF}"
EndProject
Project("{FAE04EC0-301F-11D3-BF4B-00C04F79EFBC}") = "API", "API\API.csproj", "{34302DA1-786E-4F85-A536-0F4C8354B464}"
EndProject
Project("{FAE04EC0-301F-11D3-BF4B-00C04F79EFBC}") = "Testing", "Testing\Testing.csproj", "{ED4327DC-ED0C-44E2-A5B2-B7C58D4BE24E}"
EndProject
Global
	GlobalSection(SolutionConfigurationPlatforms) = preSolution
		Debug|Any CPU = Debug|Any CPU
		Release|Any CPU = Release|Any CPU
	EndGlobalSection
	GlobalSection(ProjectConfigurationPlatforms) = postSolution
		{15C7E33B-D886-4ADC-9A50-0C7BDB395C06}.Debug|Any CPU.ActiveCfg = Debug|Any CPU
		{15C7E33B-D886-4ADC-9A50-0C7BDB395C06}.Debug|Any CPU.Build.0 = Debug|Any CPU
		{15C7E33B-D886-4ADC-9A50-0C7BDB395C06}.Release|Any CPU.ActiveCfg = Release|Any CPU
		{15C7E33B-D886-4ADC-9A50-0C7BDB395C06}.Release|Any CPU.Build.0 = Release|Any CPU
		{9284F86E-B23A-4C4C-AD9D-343DA30CA4C3}.Debug|Any CPU.ActiveCfg = Debug|Any CPU
		{9284F86E-B23A-4C4C-AD9D-343DA30CA4C3}.Debug|Any CPU.Build.0 = Debug|Any CPU
		{9284F86E-B23A-4C4C-AD9D-343DA30CA4C3}.Release|Any CPU.ActiveCfg = Release|Any CPU
		{9284F86E-B23A-4C4C-AD9D-343DA30CA4C3}.Release|Any CPU.Build.0 = Release|Any CPU
		{4020F215-1477-4FC9-94CC-F9AADE2447DF}.Debug|Any CPU.ActiveCfg = Debug|Any CPU
		{4020F215-1477-4FC9-94CC-F9AADE2447DF}.Debug|Any CPU.Build.0 = Debug|Any CPU
		{4020F215-1477-4FC9-94CC-F9AADE2447DF}.Release|Any CPU.ActiveCfg = Release|Any CPU
		{4020F215-1477-4FC9-94CC-F9AADE2447DF}.Release|Any CPU.Build.0 = Release|Any CPU
		{34302DA1-786E-4F85-A536-0F4C8354B464}.Debug|Any CPU.ActiveCfg = Debug|Any CPU
		{34302DA1-786E-4F85-A536-0F4C8354B464}.Debug|Any CPU.Build.0 = Debug|Any CPU
		{34302DA1-786E-4F85-A536-0F4C8354B464}.Release|Any CPU.ActiveCfg = Release|Any CPU
		{34302DA1-786E-4F85-A536-0F4C8354B464}.Release|Any CPU.Build.0 = Release|Any CPU
		{ED4327DC-ED0C-44E2-A5B2-B7C58D4BE24E}.Debug|Any CPU.ActiveCfg = Debug|Any CPU
		{ED4327DC-ED0C-44E2-A5B2-B7C58D4BE24E}.Debug|Any CPU.Build.0 = Debug|Any CPU
		{ED4327DC-ED0C-44E2-A5B2-B7C58D4BE24E}.Release|Any CPU.ActiveCfg = Release|Any CPU
		{ED4327DC-ED0C-44E2-A5B2-B7C58D4BE24E}.Release|Any CPU.Build.0 = Release|Any CPU
	EndGlobalSection
	GlobalSection(SolutionProperties) = preSolution
		HideSolutionNode = FALSE
	EndGlobalSection
EndGlobal
